
Microsoft Visual Studio Solution File, Format Version 12.00
# Visual Studio Version 16
VisualStudioVersion = 16.0.31624.102
MinimumVisualStudioVersion = 10.0.40219.1
Project("{FAE04EC0-301F-11D3-BF4B-00C04F79EFBC}") = "SheremetievoRent.Server", "Server\SheremetievoRent.Server.csproj", "{9CBFBC5B-B3AB-425D-85EE-100D1BAA7AB9}"
EndProject
Project("{FAE04EC0-301F-11D3-BF4B-00C04F79EFBC}") = "SheremetievoRent.Client", "Client\SheremetievoRent.Client.csproj", "{4C4B3260-043E-4868-92B2-AFC2CBF80DE1}"
EndProject
Project("{FAE04EC0-301F-11D3-BF4B-00C04F79EFBC}") = "SheremetievoRent.Shared", "Shared\SheremetievoRent.Shared.csproj", "{91A3306C-AF80-4682-B7B9-7710E0313683}"
EndProject
Global
	GlobalSection(SolutionConfigurationPlatforms) = preSolution
		Debug|Any CPU = Debug|Any CPU
		Release|Any CPU = Release|Any CPU
	EndGlobalSection
	GlobalSection(ProjectConfigurationPlatforms) = postSolution
		{9CBFBC5B-B3AB-425D-85EE-100D1BAA7AB9}.Debug|Any CPU.ActiveCfg = Debug|Any CPU
		{9CBFBC5B-B3AB-425D-85EE-100D1BAA7AB9}.Debug|Any CPU.Build.0 = Debug|Any CPU
		{9CBFBC5B-B3AB-425D-85EE-100D1BAA7AB9}.Release|Any CPU.ActiveCfg = Release|Any CPU
		{9CBFBC5B-B3AB-425D-85EE-100D1BAA7AB9}.Release|Any CPU.Build.0 = Release|Any CPU
		{4C4B3260-043E-4868-92B2-AFC2CBF80DE1}.Debug|Any CPU.ActiveCfg = Debug|Any CPU
		{4C4B3260-043E-4868-92B2-AFC2CBF80DE1}.Debug|Any CPU.Build.0 = Debug|Any CPU
		{4C4B3260-043E-4868-92B2-AFC2CBF80DE1}.Release|Any CPU.ActiveCfg = Release|Any CPU
		{4C4B3260-043E-4868-92B2-AFC2CBF80DE1}.Release|Any CPU.Build.0 = Release|Any CPU
		{91A3306C-AF80-4682-B7B9-7710E0313683}.Debug|Any CPU.ActiveCfg = Debug|Any CPU
		{91A3306C-AF80-4682-B7B9-7710E0313683}.Debug|Any CPU.Build.0 = Debug|Any CPU
		{91A3306C-AF80-4682-B7B9-7710E0313683}.Release|Any CPU.ActiveCfg = Release|Any CPU
		{91A3306C-AF80-4682-B7B9-7710E0313683}.Release|Any CPU.Build.0 = Release|Any CPU
	EndGlobalSection
	GlobalSection(SolutionProperties) = preSolution
		HideSolutionNode = FALSE
	EndGlobalSection
	GlobalSection(ExtensibilityGlobals) = postSolution
		SolutionGuid = {837D148C-387B-4FF7-A26F-B41BACD31CAD}
	EndGlobalSection
EndGlobal
